// !$*UTF8*$!
{
	archiveVersion = 1;
	classes = {
	};
	objectVersion = 51;
	objects = {

/* Begin PBXBuildFile section */
		0623B0EA46400A7D9B19A903 /* Pods_IFBooth_ios.framework in Frameworks */ = {isa = PBXBuildFile; fileRef = 39BDDD1B0D379CCCEC5F5F75 /* Pods_IFBooth_ios.framework */; };
		C2689D0F2549CC1300C579BA /* GoogleService-Info.plist in Resources */ = {isa = PBXBuildFile; fileRef = C2689D0E2549CC1300C579BA /* GoogleService-Info.plist */; };
		C2689D4F254EBD3800C579BA /* IView.swift in Sources */ = {isa = PBXBuildFile; fileRef = C2689D4E254EBD3800C579BA /* IView.swift */; };
		C2689D53254EC10100C579BA /* BottomTabBarScreenView.swift in Sources */ = {isa = PBXBuildFile; fileRef = C2689D52254EC10100C579BA /* BottomTabBarScreenView.swift */; };
		C297087F2545FE1E00F1BE57 /* IFBooth_iosApp.swift in Sources */ = {isa = PBXBuildFile; fileRef = C297087E2545FE1E00F1BE57 /* IFBooth_iosApp.swift */; };
		C29708812545FE1E00F1BE57 /* ContentView.swift in Sources */ = {isa = PBXBuildFile; fileRef = C29708802545FE1E00F1BE57 /* ContentView.swift */; };
		C29708832545FE2200F1BE57 /* Assets.xcassets in Resources */ = {isa = PBXBuildFile; fileRef = C29708822545FE2200F1BE57 /* Assets.xcassets */; };
		C29708862545FE2200F1BE57 /* Preview Assets.xcassets in Resources */ = {isa = PBXBuildFile; fileRef = C29708852545FE2200F1BE57 /* Preview Assets.xcassets */; };
/* End PBXBuildFile section */

/* Begin PBXFileReference section */
		39BDDD1B0D379CCCEC5F5F75 /* Pods_IFBooth_ios.framework */ = {isa = PBXFileReference; explicitFileType = wrapper.framework; includeInIndex = 0; path = Pods_IFBooth_ios.framework; sourceTree = BUILT_PRODUCTS_DIR; };
		A1F5E1FE3382FBCB9F4C3385 /* Pods-IFBooth_ios.release.xcconfig */ = {isa = PBXFileReference; includeInIndex = 1; lastKnownFileType = text.xcconfig; name = "Pods-IFBooth_ios.release.xcconfig"; path = "Target Support Files/Pods-IFBooth_ios/Pods-IFBooth_ios.release.xcconfig"; sourceTree = "<group>"; };
		C2689D0E2549CC1300C579BA /* GoogleService-Info.plist */ = {isa = PBXFileReference; fileEncoding = 4; lastKnownFileType = text.plist.xml; name = "GoogleService-Info.plist"; path = "../../../Downloads/GoogleService-Info.plist"; sourceTree = "<group>"; };
		C2689D4E254EBD3800C579BA /* IView.swift */ = {isa = PBXFileReference; lastKnownFileType = sourcecode.swift; path = IView.swift; sourceTree = "<group>"; };
		C2689D52254EC10100C579BA /* BottomTabBarScreenView.swift */ = {isa = PBXFileReference; lastKnownFileType = sourcecode.swift; path = BottomTabBarScreenView.swift; sourceTree = "<group>"; };
		C297087B2545FE1E00F1BE57 /* IFBooth_ios.app */ = {isa = PBXFileReference; explicitFileType = wrapper.application; includeInIndex = 0; path = IFBooth_ios.app; sourceTree = BUILT_PRODUCTS_DIR; };
		C297087E2545FE1E00F1BE57 /* IFBooth_iosApp.swift */ = {isa = PBXFileReference; lastKnownFileType = sourcecode.swift; path = IFBooth_iosApp.swift; sourceTree = "<group>"; };
		C29708802545FE1E00F1BE57 /* ContentView.swift */ = {isa = PBXFileReference; lastKnownFileType = sourcecode.swift; path = ContentView.swift; sourceTree = "<group>"; };
		C29708822545FE2200F1BE57 /* Assets.xcassets */ = {isa = PBXFileReference; lastKnownFileType = folder.assetcatalog; path = Assets.xcassets; sourceTree = "<group>"; };
		C29708852545FE2200F1BE57 /* Preview Assets.xcassets */ = {isa = PBXFileReference; lastKnownFileType = folder.assetcatalog; path = "Preview Assets.xcassets"; sourceTree = "<group>"; };
		C29708872545FE2200F1BE57 /* Info.plist */ = {isa = PBXFileReference; lastKnownFileType = text.plist.xml; path = Info.plist; sourceTree = "<group>"; };
		CB77AF3FEE878478C26C1719 /* Pods-IFBooth_ios.debug.xcconfig */ = {isa = PBXFileReference; includeInIndex = 1; lastKnownFileType = text.xcconfig; name = "Pods-IFBooth_ios.debug.xcconfig"; path = "Target Support Files/Pods-IFBooth_ios/Pods-IFBooth_ios.debug.xcconfig"; sourceTree = "<group>"; };
/* End PBXFileReference section */

/* Begin PBXFrameworksBuildPhase section */
		C29708782545FE1E00F1BE57 /* Frameworks */ = {
			isa = PBXFrameworksBuildPhase;
			buildActionMask = 2147483647;
			files = (
				0623B0EA46400A7D9B19A903 /* Pods_IFBooth_ios.framework in Frameworks */,
			);
			runOnlyForDeploymentPostprocessing = 0;
		};
/* End PBXFrameworksBuildPhase section */

/* Begin PBXGroup section */
		1F5D871D55BA1C0A8698E447 /* Frameworks */ = {
			isa = PBXGroup;
			children = (
				39BDDD1B0D379CCCEC5F5F75 /* Pods_IFBooth_ios.framework */,
			);
			name = Frameworks;
			sourceTree = "<group>";
		};
		C29708722545FE1E00F1BE57 = {
			isa = PBXGroup;
			children = (
				C297087D2545FE1E00F1BE57 /* IFBooth_ios */,
				C297087C2545FE1E00F1BE57 /* Products */,
				C5E2CC6749B58A78D30D4356 /* Pods */,
				1F5D871D55BA1C0A8698E447 /* Frameworks */,
			);
			sourceTree = "<group>";
		};
		C297087C2545FE1E00F1BE57 /* Products */ = {
			isa = PBXGroup;
			children = (
				C297087B2545FE1E00F1BE57 /* IFBooth_ios.app */,
			);
			name = Products;
			sourceTree = "<group>";
		};
		C297087D2545FE1E00F1BE57 /* IFBooth_ios */ = {
			isa = PBXGroup;
			children = (
				C297087E2545FE1E00F1BE57 /* IFBooth_iosApp.swift */,
				C2689D0E2549CC1300C579BA /* GoogleService-Info.plist */,
				C29708802545FE1E00F1BE57 /* ContentView.swift */,
				C2689D52254EC10100C579BA /* BottomTabBarScreenView.swift */,
				C29708822545FE2200F1BE57 /* Assets.xcassets */,
				C29708872545FE2200F1BE57 /* Info.plist */,
				C29708842545FE2200F1BE57 /* Preview Content */,
				C2689D4E254EBD3800C579BA /* IView.swift */,
			);
			path = IFBooth_ios;
			sourceTree = "<group>";
		};
		C29708842545FE2200F1BE57 /* Preview Content */ = {
			isa = PBXGroup;
			children = (
				C29708852545FE2200F1BE57 /* Preview Assets.xcassets */,
			);
			path = "Preview Content";
			sourceTree = "<group>";
		};
		C5E2CC6749B58A78D30D4356 /* Pods */ = {
			isa = PBXGroup;
			children = (
				CB77AF3FEE878478C26C1719 /* Pods-IFBooth_ios.debug.xcconfig */,
				A1F5E1FE3382FBCB9F4C3385 /* Pods-IFBooth_ios.release.xcconfig */,
			);
			path = Pods;
			sourceTree = "<group>";
		};
/* End PBXGroup section */

/* Begin PBXNativeTarget section */
		C297087A2545FE1E00F1BE57 /* IFBooth_ios */ = {
			isa = PBXNativeTarget;
			buildConfigurationList = C297088A2545FE2200F1BE57 /* Build configuration list for PBXNativeTarget "IFBooth_ios" */;
			buildPhases = (
				E216FCE3F147A22F64040148 /* [CP] Check Pods Manifest.lock */,
				C29708772545FE1E00F1BE57 /* Sources */,
				C29708782545FE1E00F1BE57 /* Frameworks */,
				C29708792545FE1E00F1BE57 /* Resources */,
				B5C18CD6FB97B61C9074977D /* [CP] Embed Pods Frameworks */,
			);
			buildRules = (
			);
			dependencies = (
			);
			name = IFBooth_ios;
			productName = IFBooth_ios;
			productReference = C297087B2545FE1E00F1BE57 /* IFBooth_ios.app */;
			productType = "com.apple.product-type.application";
		};
/* End PBXNativeTarget section */

/* Begin PBXProject section */
		C29708732545FE1E00F1BE57 /* Project object */ = {
			isa = PBXProject;
			attributes = {
				LastSwiftUpdateCheck = 1210;
				LastUpgradeCheck = 1210;
				TargetAttributes = {
					C297087A2545FE1E00F1BE57 = {
						CreatedOnToolsVersion = 12.1;
					};
				};
			};
			buildConfigurationList = C29708762545FE1E00F1BE57 /* Build configuration list for PBXProject "IFBooth_ios" */;
			compatibilityVersion = "Xcode 9.3";
			developmentRegion = en;
			hasScannedForEncodings = 0;
			knownRegions = (
				en,
				Base,
			);
			mainGroup = C29708722545FE1E00F1BE57;
			productRefGroup = C297087C2545FE1E00F1BE57 /* Products */;
			projectDirPath = "";
			projectRoot = "";
			targets = (
				C297087A2545FE1E00F1BE57 /* IFBooth_ios */,
			);
		};
/* End PBXProject section */

/* Begin PBXResourcesBuildPhase section */
		C29708792545FE1E00F1BE57 /* Resources */ = {
			isa = PBXResourcesBuildPhase;
			buildActionMask = 2147483647;
			files = (
				C29708862545FE2200F1BE57 /* Preview Assets.xcassets in Resources */,
				C2689D0F2549CC1300C579BA /* GoogleService-Info.plist in Resources */,
				C29708832545FE2200F1BE57 /* Assets.xcassets in Resources */,
			);
			runOnlyForDeploymentPostprocessing = 0;
		};
/* End PBXResourcesBuildPhase section */

/* Begin PBXShellScriptBuildPhase section */
		B5C18CD6FB97B61C9074977D /* [CP] Embed Pods Frameworks */ = {
			isa = PBXShellScriptBuildPhase;
			buildActionMask = 2147483647;
			files = (
			);
			inputFileListPaths = (
				"${PODS_ROOT}/Target Support Files/Pods-IFBooth_ios/Pods-IFBooth_ios-frameworks-${CONFIGURATION}-input-files.xcfilelist",
			);
			name = "[CP] Embed Pods Frameworks";
			outputFileListPaths = (
				"${PODS_ROOT}/Target Support Files/Pods-IFBooth_ios/Pods-IFBooth_ios-frameworks-${CONFIGURATION}-output-files.xcfilelist",
			);
			runOnlyForDeploymentPostprocessing = 0;
			shellPath = /bin/sh;
			shellScript = "\"${PODS_ROOT}/Target Support Files/Pods-IFBooth_ios/Pods-IFBooth_ios-frameworks.sh\"\n";
			showEnvVarsInLog = 0;
		};
		E216FCE3F147A22F64040148 /* [CP] Check Pods Manifest.lock */ = {
			isa = PBXShellScriptBuildPhase;
			buildActionMask = 2147483647;
			files = (
			);
			inputFileListPaths = (
			);
			inputPaths = (
				"${PODS_PODFILE_DIR_PATH}/Podfile.lock",
				"${PODS_ROOT}/Manifest.lock",
			);
			name = "[CP] Check Pods Manifest.lock";
			outputFileListPaths = (
			);
			outputPaths = (
				"$(DERIVED_FILE_DIR)/Pods-IFBooth_ios-checkManifestLockResult.txt",
			);
			runOnlyForDeploymentPostprocessing = 0;
			shellPath = /bin/sh;
			shellScript = "diff \"${PODS_PODFILE_DIR_PATH}/Podfile.lock\" \"${PODS_ROOT}/Manifest.lock\" > /dev/null\nif [ $? != 0 ] ; then\n    # print error to STDERR\n    echo \"error: The sandbox is not in sync with the Podfile.lock. Run 'pod install' or update your CocoaPods installation.\" >&2\n    exit 1\nfi\n# This output is used by Xcode 'outputs' to avoid re-running this script phase.\necho \"SUCCESS\" > \"${SCRIPT_OUTPUT_FILE_0}\"\n";
			showEnvVarsInLog = 0;
		};
/* End PBXShellScriptBuildPhase section */

/* Begin PBXSourcesBuildPhase section */
		C29708772545FE1E00F1BE57 /* Sources */ = {
			isa = PBXSourcesBuildPhase;
			buildActionMask = 2147483647;
			files = (
				C29708812545FE1E00F1BE57 /* ContentView.swift in Sources */,
				C2689D4F254EBD3800C579BA /* IView.swift in Sources */,
				C297087F2545FE1E00F1BE57 /* IFBooth_iosApp.swift in Sources */,
				C2689D53254EC10100C579BA /* BottomTabBarScreenView.swift in Sources */,
			);
			runOnlyForDeploymentPostprocessing = 0;
		};
/* End PBXSourcesBuildPhase section */

/* Begin XCBuildConfiguration section */
		C29708882545FE2200F1BE57 /* Debug */ = {
			isa = XCBuildConfiguration;
			buildSettings = {
				ALWAYS_SEARCH_USER_PATHS = NO;
				CLANG_ANALYZER_NONNULL = YES;
				CLANG_ANALYZER_NUMBER_OBJECT_CONVERSION = YES_AGGRESSIVE;
				CLANG_CXX_LANGUAGE_STANDARD = "gnu++14";
				CLANG_CXX_LIBRARY = "libc++";
				CLANG_ENABLE_MODULES = YES;
				CLANG_ENABLE_OBJC_ARC = YES;
				CLANG_ENABLE_OBJC_WEAK = YES;
				CLANG_WARN_BLOCK_CAPTURE_AUTORELEASING = YES;
				CLANG_WARN_BOOL_CONVERSION = YES;
				CLANG_WARN_COMMA = YES;
				CLANG_WARN_CONSTANT_CONVERSION = YES;
				CLANG_WARN_DEPRECATED_OBJC_IMPLEMENTATIONS = YES;
				CLANG_WARN_DIRECT_OBJC_ISA_USAGE = YES_ERROR;
				CLANG_WARN_DOCUMENTATION_COMMENTS = YES;
				CLANG_WARN_EMPTY_BODY = YES;
				CLANG_WARN_ENUM_CONVERSION = YES;
				CLANG_WARN_INFINITE_RECURSION = YES;
				CLANG_WARN_INT_CONVERSION = YES;
				CLANG_WARN_NON_LITERAL_NULL_CONVERSION = YES;
				CLANG_WARN_OBJC_IMPLICIT_RETAIN_SELF = YES;
				CLANG_WARN_OBJC_LITERAL_CONVERSION = YES;
				CLANG_WARN_OBJC_ROOT_CLASS = YES_ERROR;
				CLANG_WARN_QUOTED_INCLUDE_IN_FRAMEWORK_HEADER = YES;
				CLANG_WARN_RANGE_LOOP_ANALYSIS = YES;
				CLANG_WARN_STRICT_PROTOTYPES = YES;
				CLANG_WARN_SUSPICIOUS_MOVE = YES;
				CLANG_WARN_UNGUARDED_AVAILABILITY = YES_AGGRESSIVE;
				CLANG_WARN_UNREACHABLE_CODE = YES;
				CLANG_WARN__DUPLICATE_METHOD_MATCH = YES;
				COPY_PHASE_STRIP = NO;
				DEBUG_INFORMATION_FORMAT = dwarf;
				ENABLE_STRICT_OBJC_MSGSEND = YES;
				ENABLE_TESTABILITY = YES;
				GCC_C_LANGUAGE_STANDARD = gnu11;
				GCC_DYNAMIC_NO_PIC = NO;
				GCC_NO_COMMON_BLOCKS = YES;
				GCC_OPTIMIZATION_LEVEL = 0;
				GCC_PREPROCESSOR_DEFINITIONS = (
					"DEBUG=1",
					"$(inherited)",
				);
				GCC_WARN_64_TO_32_BIT_CONVERSION = YES;
				GCC_WARN_ABOUT_RETURN_TYPE = YES_ERROR;
				GCC_WARN_UNDECLARED_SELECTOR = YES;
				GCC_WARN_UNINITIALIZED_AUTOS = YES_AGGRESSIVE;
				GCC_WARN_UNUSED_FUNCTION = YES;
				GCC_WARN_UNUSED_VARIABLE = YES;
				IPHONEOS_DEPLOYMENT_TARGET = 14.1;
				MTL_ENABLE_DEBUG_INFO = INCLUDE_SOURCE;
				MTL_FAST_MATH = YES;
				ONLY_ACTIVE_ARCH = YES;
				SDKROOT = iphoneos;
				SWIFT_ACTIVE_COMPILATION_CONDITIONS = DEBUG;
				SWIFT_OPTIMIZATION_LEVEL = "-Onone";
			};
			name = Debug;
		};
		C29708892545FE2200F1BE57 /* Release */ = {
			isa = XCBuildConfiguration;
			buildSettings = {
				ALWAYS_SEARCH_USER_PATHS = NO;
				CLANG_ANALYZER_NONNULL = YES;
				CLANG_ANALYZER_NUMBER_OBJECT_CONVERSION = YES_AGGRESSIVE;
				CLANG_CXX_LANGUAGE_STANDARD = "gnu++14";
				CLANG_CXX_LIBRARY = "libc++";
				CLANG_ENABLE_MODULES = YES;
				CLANG_ENABLE_OBJC_ARC = YES;
				CLANG_ENABLE_OBJC_WEAK = YES;
				CLANG_WARN_BLOCK_CAPTURE_AUTORELEASING = YES;
				CLANG_WARN_BOOL_CONVERSION = YES;
				CLANG_WARN_COMMA = YES;
				CLANG_WARN_CONSTANT_CONVERSION = YES;
				CLANG_WARN_DEPRECATED_OBJC_IMPLEMENTATIONS = YES;
				CLANG_WARN_DIRECT_OBJC_ISA_USAGE = YES_ERROR;
				CLANG_WARN_DOCUMENTATION_COMMENTS = YES;
				CLANG_WARN_EMPTY_BODY = YES;
				CLANG_WARN_ENUM_CONVERSION = YES;
				CLANG_WARN_INFINITE_RECURSION = YES;
				CLANG_WARN_INT_CONVERSION = YES;
				CLANG_WARN_NON_LITERAL_NULL_CONVERSION = YES;
				CLANG_WARN_OBJC_IMPLICIT_RETAIN_SELF = YES;
				CLANG_WARN_OBJC_LITERAL_CONVERSION = YES;
				CLANG_WARN_OBJC_ROOT_CLASS = YES_ERROR;
				CLANG_WARN_QUOTED_INCLUDE_IN_FRAMEWORK_HEADER = YES;
				CLANG_WARN_RANGE_LOOP_ANALYSIS = YES;
				CLANG_WARN_STRICT_PROTOTYPES = YES;
				CLANG_WARN_SUSPICIOUS_MOVE = YES;
				CLANG_WARN_UNGUARDED_AVAILABILITY = YES_AGGRESSIVE;
				CLANG_WARN_UNREACHABLE_CODE = YES;
				CLANG_WARN__DUPLICATE_METHOD_MATCH = YES;
				COPY_PHASE_STRIP = NO;
				DEBUG_INFORMATION_FORMAT = "dwarf-with-dsym";
				ENABLE_NS_ASSERTIONS = NO;
				ENABLE_STRICT_OBJC_MSGSEND = YES;
				GCC_C_LANGUAGE_STANDARD = gnu11;
				GCC_NO_COMMON_BLOCKS = YES;
				GCC_WARN_64_TO_32_BIT_CONVERSION = YES;
				GCC_WARN_ABOUT_RETURN_TYPE = YES_ERROR;
				GCC_WARN_UNDECLARED_SELECTOR = YES;
				GCC_WARN_UNINITIALIZED_AUTOS = YES_AGGRESSIVE;
				GCC_WARN_UNUSED_FUNCTION = YES;
				GCC_WARN_UNUSED_VARIABLE = YES;
				IPHONEOS_DEPLOYMENT_TARGET = 14.1;
				MTL_ENABLE_DEBUG_INFO = NO;
				MTL_FAST_MATH = YES;
				SDKROOT = iphoneos;
				SWIFT_COMPILATION_MODE = wholemodule;
				SWIFT_OPTIMIZATION_LEVEL = "-O";
				VALIDATE_PRODUCT = YES;
			};
			name = Release;
		};
		C297088B2545FE2200F1BE57 /* Debug */ = {
			isa = XCBuildConfiguration;
			baseConfigurationReference = CB77AF3FEE878478C26C1719 /* Pods-IFBooth_ios.debug.xcconfig */;
			buildSettings = {
				ASSETCATALOG_COMPILER_APPICON_NAME = AppIcon;
				ASSETCATALOG_COMPILER_GLOBAL_ACCENT_COLOR_NAME = AccentColor;
				CODE_SIGN_STYLE = Automatic;
				DEVELOPMENT_ASSET_PATHS = "\"IFBooth_ios/Preview Content\"";
				DEVELOPMENT_TEAM = AWNAGU5Y4R;
				ENABLE_PREVIEWS = YES;
				INFOPLIST_FILE = IFBooth_ios/Info.plist;
				IPHONEOS_DEPLOYMENT_TARGET = 14.0;
				LD_RUNPATH_SEARCH_PATHS = (
					"$(inherited)",
					"@executable_path/Frameworks",
				);
				PRODUCT_BUNDLE_IDENTIFIER = com.ifbooth.ifboothios;
				PRODUCT_NAME = "$(TARGET_NAME)";
				SWIFT_VERSION = 5.0;
				TARGETED_DEVICE_FAMILY = "1,2";
			};
			name = Debug;
		};
		C297088C2545FE2200F1BE57 /* Release */ = {
			isa = XCBuildConfiguration;
			baseConfigurationReference = A1F5E1FE3382FBCB9F4C3385 /* Pods-IFBooth_ios.release.xcconfig */;
			buildSettings = {
				ASSETCATALOG_COMPILER_APPICON_NAME = AppIcon;
				ASSETCATALOG_COMPILER_GLOBAL_ACCENT_COLOR_NAME = AccentColor;
				CODE_SIGN_STYLE = Automatic;
				DEVELOPMENT_ASSET_PATHS = "\"IFBooth_ios/Preview Content\"";
				DEVELOPMENT_TEAM = AWNAGU5Y4R;
				ENABLE_PREVIEWS = YES;
				INFOPLIST_FILE = IFBooth_ios/Info.plist;
				IPHONEOS_DEPLOYMENT_TARGET = 14.0;
				LD_RUNPATH_SEARCH_PATHS = (
					"$(inherited)",
					"@executable_path/Frameworks",
				);
				PRODUCT_BUNDLE_IDENTIFIER = com.ifbooth.ifboothios;
				PRODUCT_NAME = "$(TARGET_NAME)";
				SWIFT_VERSION = 5.0;
				TARGETED_DEVICE_FAMILY = "1,2";
			};
			name = Release;
		};
/* End XCBuildConfiguration section */

/* Begin XCConfigurationList section */
		C29708762545FE1E00F1BE57 /* Build configuration list for PBXProject "IFBooth_ios" */ = {
			isa = XCConfigurationList;
			buildConfigurations = (
				C29708882545FE2200F1BE57 /* Debug */,
				C29708892545FE2200F1BE57 /* Release */,
			);
			defaultConfigurationIsVisible = 0;
			defaultConfigurationName = Release;
		};
		C297088A2545FE2200F1BE57 /* Build configuration list for PBXNativeTarget "IFBooth_ios" */ = {
			isa = XCConfigurationList;
			buildConfigurations = (
				C297088B2545FE2200F1BE57 /* Debug */,
				C297088C2545FE2200F1BE57 /* Release */,
			);
			defaultConfigurationIsVisible = 0;
			defaultConfigurationName = Release;
		};
/* End XCConfigurationList section */
	};
	rootObject = C29708732545FE1E00F1BE57 /* Project object */;
}
